
Microsoft Visual Studio Solution File, Format Version 12.00
# Visual Studio Version 16
VisualStudioVersion = 16.0.29728.190
MinimumVisualStudioVersion = 10.0.40219.1
Project("{9A19103F-16F7-4668-BE54-9A1E7A4F7556}") = "Harmony", "Harmony.csproj", "{47F404E6-A5EE-47F5-B7D9-030CABCC7783}"
EndProject
Global
	GlobalSection(SolutionConfigurationPlatforms) = preSolution
		Debug|Any CPU = Debug|Any CPU
		Release|Any CPU = Release|Any CPU
	EndGlobalSection
	GlobalSection(ProjectConfigurationPlatforms) = postSolution
		{47F404E6-A5EE-47F5-B7D9-030CABCC7783}.Debug|Any CPU.ActiveCfg = Debug|Any CPU
		{47F404E6-A5EE-47F5-B7D9-030CABCC7783}.Debug|Any CPU.Build.0 = Debug|Any CPU
		{47F404E6-A5EE-47F5-B7D9-030CABCC7783}.Release|Any CPU.ActiveCfg = Release|Any CPU
		{47F404E6-A5EE-47F5-B7D9-030CABCC7783}.Release|Any CPU.Build.0 = Release|Any CPU
	EndGlobalSection
	GlobalSection(SolutionProperties) = preSolution
		HideSolutionNode = FALSE
	EndGlobalSection
	GlobalSection(ExtensibilityGlobals) = postSolution
		SolutionGuid = {628407AA-86A4-44FE-A69F-9947BFBA1B55}
	EndGlobalSection
EndGlobal
